
Microsoft Visual Studio Solution File, Format Version 12.00
# Visual Studio Version 16
VisualStudioVersion = 16.0.29215.179
MinimumVisualStudioVersion = 10.0.40219.1
Project("{FAE04EC0-301F-11D3-BF4B-00C04F79EFBC}") = "Inlämingsuppgift", "Inlämingsuppgift\Inlämingsuppgift.csproj", "{325D4712-CB34-4225-9E05-27CAE99B6ED8}"
EndProject
Global
	GlobalSection(SolutionConfigurationPlatforms) = preSolution
		Debug|Any CPU = Debug|Any CPU
		Release|Any CPU = Release|Any CPU
	EndGlobalSection
	GlobalSection(ProjectConfigurationPlatforms) = postSolution
		{325D4712-CB34-4225-9E05-27CAE99B6ED8}.Debug|Any CPU.ActiveCfg = Debug|Any CPU
		{325D4712-CB34-4225-9E05-27CAE99B6ED8}.Debug|Any CPU.Build.0 = Debug|Any CPU
		{325D4712-CB34-4225-9E05-27CAE99B6ED8}.Release|Any CPU.ActiveCfg = Release|Any CPU
		{325D4712-CB34-4225-9E05-27CAE99B6ED8}.Release|Any CPU.Build.0 = Release|Any CPU
	EndGlobalSection
	GlobalSection(SolutionProperties) = preSolution
		HideSolutionNode = FALSE
	EndGlobalSection
	GlobalSection(ExtensibilityGlobals) = postSolution
		SolutionGuid = {DCD0B7B5-BA5A-46C6-B8C9-4B51B126927F}
	EndGlobalSection
EndGlobal
